// !$*UTF8*$!
{
	archiveVersion = 1;
	classes = {
	};
	objectVersion = 48;
	objects = {

/* Begin PBXBuildFile section */
		2F0946291FD7294F00B1C663 /* TasksViewController.m in Sources */ = {isa = PBXBuildFile; fileRef = 2F0946281FD7294F00B1C663 /* TasksViewController.m */; };
		2F309CAD1FC45F7300290F66 /* AppDelegate.m in Sources */ = {isa = PBXBuildFile; fileRef = 2F309CAC1FC45F7300290F66 /* AppDelegate.m */; };
		2F309CB01FC45F7300290F66 /* ViewController.m in Sources */ = {isa = PBXBuildFile; fileRef = 2F309CAF1FC45F7300290F66 /* ViewController.m */; };
		2F309CB31FC45F7300290F66 /* Main.storyboard in Resources */ = {isa = PBXBuildFile; fileRef = 2F309CB11FC45F7300290F66 /* Main.storyboard */; };
		2F309CB51FC45F7300290F66 /* Assets.xcassets in Resources */ = {isa = PBXBuildFile; fileRef = 2F309CB41FC45F7300290F66 /* Assets.xcassets */; };
		2F309CB81FC45F7300290F66 /* LaunchScreen.storyboard in Resources */ = {isa = PBXBuildFile; fileRef = 2F309CB61FC45F7300290F66 /* LaunchScreen.storyboard */; };
		2F309CBB1FC45F7300290F66 /* main.m in Sources */ = {isa = PBXBuildFile; fileRef = 2F309CBA1FC45F7300290F66 /* main.m */; };
		2F309CC51FC45F7300290F66 /* Mobile_Applications_projectTests.m in Sources */ = {isa = PBXBuildFile; fileRef = 2F309CC41FC45F7300290F66 /* Mobile_Applications_projectTests.m */; };
		2F309CD01FC45F7300290F66 /* Mobile_Applications_projectUITests.m in Sources */ = {isa = PBXBuildFile; fileRef = 2F309CCF1FC45F7300290F66 /* Mobile_Applications_projectUITests.m */; };
		2F3F70101FCD9E850026FE3E /* MJDetailViewController.xib in Resources */ = {isa = PBXBuildFile; fileRef = 2F3F700B1FCD9E820026FE3E /* MJDetailViewController.xib */; };
		2F3F70111FCD9E850026FE3E /* UIViewController+MJPopupViewController.m in Sources */ = {isa = PBXBuildFile; fileRef = 2F3F700C1FCD9E830026FE3E /* UIViewController+MJPopupViewController.m */; };
		2F3F70121FCD9E850026FE3E /* MJPopupBackgroundView.m in Sources */ = {isa = PBXBuildFile; fileRef = 2F3F700D1FCD9E830026FE3E /* MJPopupBackgroundView.m */; };
		2F3F70131FCD9E850026FE3E /* MJDetailViewController.m in Sources */ = {isa = PBXBuildFile; fileRef = 2F3F700E1FCD9E840026FE3E /* MJDetailViewController.m */; };
		2F3F70161FCDB0150026FE3E /* ProfileViewController.m in Sources */ = {isa = PBXBuildFile; fileRef = 2F3F70151FCDB0150026FE3E /* ProfileViewController.m */; };
		2F4100DB1FC6D17D00DB7463 /* Tab Icons in Resources */ = {isa = PBXBuildFile; fileRef = 2F4100DA1FC6D17D00DB7463 /* Tab Icons */; };
		2F7993CE1FCDB1E8005907D2 /* PlannerViewController.m in Sources */ = {isa = PBXBuildFile; fileRef = 2F7993CD1FCDB1E8005907D2 /* PlannerViewController.m */; };
		2F7993D11FCDB2D9005907D2 /* HomeViewController.m in Sources */ = {isa = PBXBuildFile; fileRef = 2F7993D01FCDB2D9005907D2 /* HomeViewController.m */; };
		2F7993DD1FD20F79005907D2 /* SettingsViewController.m in Sources */ = {isa = PBXBuildFile; fileRef = 2F7993DC1FD20F79005907D2 /* SettingsViewController.m */; };
		2F7993E01FD23E79005907D2 /* tableTableViewController.m in Sources */ = {isa = PBXBuildFile; fileRef = 2F7993DF1FD23E79005907D2 /* tableTableViewController.m */; };
		2F7994241FD36095005907D2 /* modulesTableViewController.m in Sources */ = {isa = PBXBuildFile; fileRef = 2F7994231FD36095005907D2 /* modulesTableViewController.m */; };
		2F79942A1FD3641F005907D2 /* modulesinfoViewController.m in Sources */ = {isa = PBXBuildFile; fileRef = 2F7994291FD3641F005907D2 /* modulesinfoViewController.m */; };
		2F79946B1FD6EC68005907D2 /* ButtonHandler.m in Sources */ = {isa = PBXBuildFile; fileRef = 2F79946A1FD6EC68005907D2 /* ButtonHandler.m */; };
		2F79946E1FD6F825005907D2 /* RootViewController.m in Sources */ = {isa = PBXBuildFile; fileRef = 2F79946D1FD6F825005907D2 /* RootViewController.m */; };
/* End PBXBuildFile section */

/* Begin PBXContainerItemProxy section */
		2F309CC11FC45F7300290F66 /* PBXContainerItemProxy */ = {
			isa = PBXContainerItemProxy;
			containerPortal = 2F309CA01FC45F7300290F66 /* Project object */;
			proxyType = 1;
			remoteGlobalIDString = 2F309CA71FC45F7300290F66;
			remoteInfo = "Mobile Applications project";
		};
		2F309CCC1FC45F7300290F66 /* PBXContainerItemProxy */ = {
			isa = PBXContainerItemProxy;
			containerPortal = 2F309CA01FC45F7300290F66 /* Project object */;
			proxyType = 1;
			remoteGlobalIDString = 2F309CA71FC45F7300290F66;
			remoteInfo = "Mobile Applications project";
		};
/* End PBXContainerItemProxy section */

/* Begin PBXFileReference section */
		2F0946271FD7294F00B1C663 /* TasksViewController.h */ = {isa = PBXFileReference; lastKnownFileType = sourcecode.c.h; path = TasksViewController.h; sourceTree = "<group>"; };
		2F0946281FD7294F00B1C663 /* TasksViewController.m */ = {isa = PBXFileReference; lastKnownFileType = sourcecode.c.objc; path = TasksViewController.m; sourceTree = "<group>"; };
		2F309CA81FC45F7300290F66 /* Mobile Applications project.app */ = {isa = PBXFileReference; explicitFileType = wrapper.application; includeInIndex = 0; path = "Mobile Applications project.app"; sourceTree = BUILT_PRODUCTS_DIR; };
		2F309CAB1FC45F7300290F66 /* AppDelegate.h */ = {isa = PBXFileReference; lastKnownFileType = sourcecode.c.h; path = AppDelegate.h; sourceTree = "<group>"; };
		2F309CAC1FC45F7300290F66 /* AppDelegate.m */ = {isa = PBXFileReference; lastKnownFileType = sourcecode.c.objc; path = AppDelegate.m; sourceTree = "<group>"; };
		2F309CAE1FC45F7300290F66 /* ViewController.h */ = {isa = PBXFileReference; lastKnownFileType = sourcecode.c.h; path = ViewController.h; sourceTree = "<group>"; };
		2F309CAF1FC45F7300290F66 /* ViewController.m */ = {isa = PBXFileReference; lastKnownFileType = sourcecode.c.objc; path = ViewController.m; sourceTree = "<group>"; };
		2F309CB21FC45F7300290F66 /* Base */ = {isa = PBXFileReference; lastKnownFileType = file.storyboard; name = Base; path = Base.lproj/Main.storyboard; sourceTree = "<group>"; };
		2F309CB41FC45F7300290F66 /* Assets.xcassets */ = {isa = PBXFileReference; lastKnownFileType = folder.assetcatalog; path = Assets.xcassets; sourceTree = "<group>"; };
		2F309CB71FC45F7300290F66 /* Base */ = {isa = PBXFileReference; lastKnownFileType = file.storyboard; name = Base; path = Base.lproj/LaunchScreen.storyboard; sourceTree = "<group>"; };
		2F309CB91FC45F7300290F66 /* Info.plist */ = {isa = PBXFileReference; lastKnownFileType = text.plist.xml; path = Info.plist; sourceTree = "<group>"; };
		2F309CBA1FC45F7300290F66 /* main.m */ = {isa = PBXFileReference; lastKnownFileType = sourcecode.c.objc; path = main.m; sourceTree = "<group>"; };
		2F309CC01FC45F7300290F66 /* Mobile Applications projectTests.xctest */ = {isa = PBXFileReference; explicitFileType = wrapper.cfbundle; includeInIndex = 0; path = "Mobile Applications projectTests.xctest"; sourceTree = BUILT_PRODUCTS_DIR; };
		2F309CC41FC45F7300290F66 /* Mobile_Applications_projectTests.m */ = {isa = PBXFileReference; lastKnownFileType = sourcecode.c.objc; path = Mobile_Applications_projectTests.m; sourceTree = "<group>"; };
		2F309CC61FC45F7300290F66 /* Info.plist */ = {isa = PBXFileReference; lastKnownFileType = text.plist.xml; path = Info.plist; sourceTree = "<group>"; };
		2F309CCB1FC45F7300290F66 /* Mobile Applications projectUITests.xctest */ = {isa = PBXFileReference; explicitFileType = wrapper.cfbundle; includeInIndex = 0; path = "Mobile Applications projectUITests.xctest"; sourceTree = BUILT_PRODUCTS_DIR; };
		2F309CCF1FC45F7300290F66 /* Mobile_Applications_projectUITests.m */ = {isa = PBXFileReference; lastKnownFileType = sourcecode.c.objc; path = Mobile_Applications_projectUITests.m; sourceTree = "<group>"; };
		2F309CD11FC45F7300290F66 /* Info.plist */ = {isa = PBXFileReference; lastKnownFileType = text.plist.xml; path = Info.plist; sourceTree = "<group>"; };
		2F3F70091FCD9E810026FE3E /* UIViewController+MJPopupViewController.h */ = {isa = PBXFileReference; fileEncoding = 4; lastKnownFileType = sourcecode.c.h; path = "UIViewController+MJPopupViewController.h"; sourceTree = "<group>"; };
		2F3F700A1FCD9E820026FE3E /* MJDetailViewController.h */ = {isa = PBXFileReference; fileEncoding = 4; lastKnownFileType = sourcecode.c.h; path = MJDetailViewController.h; sourceTree = "<group>"; };
		2F3F700B1FCD9E820026FE3E /* MJDetailViewController.xib */ = {isa = PBXFileReference; fileEncoding = 4; lastKnownFileType = file.xib; path = MJDetailViewController.xib; sourceTree = "<group>"; };
		2F3F700C1FCD9E830026FE3E /* UIViewController+MJPopupViewController.m */ = {isa = PBXFileReference; fileEncoding = 4; lastKnownFileType = sourcecode.c.objc; path = "UIViewController+MJPopupViewController.m"; sourceTree = "<group>"; };
		2F3F700D1FCD9E830026FE3E /* MJPopupBackgroundView.m */ = {isa = PBXFileReference; fileEncoding = 4; lastKnownFileType = sourcecode.c.objc; path = MJPopupBackgroundView.m; sourceTree = "<group>"; };
		2F3F700E1FCD9E840026FE3E /* MJDetailViewController.m */ = {isa = PBXFileReference; fileEncoding = 4; lastKnownFileType = sourcecode.c.objc; path = MJDetailViewController.m; sourceTree = "<group>"; };
		2F3F700F1FCD9E850026FE3E /* MJPopupBackgroundView.h */ = {isa = PBXFileReference; fileEncoding = 4; lastKnownFileType = sourcecode.c.h; path = MJPopupBackgroundView.h; sourceTree = "<group>"; };
		2F3F70141FCDB0150026FE3E /* ProfileViewController.h */ = {isa = PBXFileReference; lastKnownFileType = sourcecode.c.h; path = ProfileViewController.h; sourceTree = "<group>"; };
		2F3F70151FCDB0150026FE3E /* ProfileViewController.m */ = {isa = PBXFileReference; lastKnownFileType = sourcecode.c.objc; path = ProfileViewController.m; sourceTree = "<group>"; };
		2F4100DA1FC6D17D00DB7463 /* Tab Icons */ = {isa = PBXFileReference; lastKnownFileType = folder; path = "Tab Icons"; sourceTree = "<group>"; };
		2F7993CC1FCDB1E8005907D2 /* PlannerViewController.h */ = {isa = PBXFileReference; lastKnownFileType = sourcecode.c.h; path = PlannerViewController.h; sourceTree = "<group>"; };
		2F7993CD1FCDB1E8005907D2 /* PlannerViewController.m */ = {isa = PBXFileReference; lastKnownFileType = sourcecode.c.objc; path = PlannerViewController.m; sourceTree = "<group>"; };
		2F7993CF1FCDB2D9005907D2 /* HomeViewController.h */ = {isa = PBXFileReference; lastKnownFileType = sourcecode.c.h; path = HomeViewController.h; sourceTree = "<group>"; };
		2F7993D01FCDB2D9005907D2 /* HomeViewController.m */ = {isa = PBXFileReference; lastKnownFileType = sourcecode.c.objc; path = HomeViewController.m; sourceTree = "<group>"; };
		2F7993DB1FD20F78005907D2 /* SettingsViewController.h */ = {isa = PBXFileReference; lastKnownFileType = sourcecode.c.h; path = SettingsViewController.h; sourceTree = "<group>"; };
		2F7993DC1FD20F79005907D2 /* SettingsViewController.m */ = {isa = PBXFileReference; lastKnownFileType = sourcecode.c.objc; path = SettingsViewController.m; sourceTree = "<group>"; };
		2F7993DE1FD23E79005907D2 /* tableTableViewController.h */ = {isa = PBXFileReference; lastKnownFileType = sourcecode.c.h; path = tableTableViewController.h; sourceTree = "<group>"; };
		2F7993DF1FD23E79005907D2 /* tableTableViewController.m */ = {isa = PBXFileReference; lastKnownFileType = sourcecode.c.objc; path = tableTableViewController.m; sourceTree = "<group>"; };
		2F7994221FD36095005907D2 /* modulesTableViewController.h */ = {isa = PBXFileReference; lastKnownFileType = sourcecode.c.h; path = modulesTableViewController.h; sourceTree = "<group>"; };
		2F7994231FD36095005907D2 /* modulesTableViewController.m */ = {isa = PBXFileReference; lastKnownFileType = sourcecode.c.objc; path = modulesTableViewController.m; sourceTree = "<group>"; };
		2F7994281FD3641F005907D2 /* modulesinfoViewController.h */ = {isa = PBXFileReference; lastKnownFileType = sourcecode.c.h; path = modulesinfoViewController.h; sourceTree = "<group>"; };
		2F7994291FD3641F005907D2 /* modulesinfoViewController.m */ = {isa = PBXFileReference; lastKnownFileType = sourcecode.c.objc; path = modulesinfoViewController.m; sourceTree = "<group>"; };
		2F7994691FD6EC66005907D2 /* ButtonHandler.h */ = {isa = PBXFileReference; lastKnownFileType = sourcecode.c.h; path = ButtonHandler.h; sourceTree = "<group>"; };
		2F79946A1FD6EC68005907D2 /* ButtonHandler.m */ = {isa = PBXFileReference; lastKnownFileType = sourcecode.c.objc; path = ButtonHandler.m; sourceTree = "<group>"; };
		2F79946C1FD6F825005907D2 /* RootViewController.h */ = {isa = PBXFileReference; lastKnownFileType = sourcecode.c.h; path = RootViewController.h; sourceTree = "<group>"; };
		2F79946D1FD6F825005907D2 /* RootViewController.m */ = {isa = PBXFileReference; lastKnownFileType = sourcecode.c.objc; path = RootViewController.m; sourceTree = "<group>"; };
/* End PBXFileReference section */

/* Begin PBXFrameworksBuildPhase section */
		2F309CA51FC45F7300290F66 /* Frameworks */ = {
			isa = PBXFrameworksBuildPhase;
			buildActionMask = 2147483647;
			files = (
			);
			runOnlyForDeploymentPostprocessing = 0;
		};
		2F309CBD1FC45F7300290F66 /* Frameworks */ = {
			isa = PBXFrameworksBuildPhase;
			buildActionMask = 2147483647;
			files = (
			);
			runOnlyForDeploymentPostprocessing = 0;
		};
		2F309CC81FC45F7300290F66 /* Frameworks */ = {
			isa = PBXFrameworksBuildPhase;
			buildActionMask = 2147483647;
			files = (
			);
			runOnlyForDeploymentPostprocessing = 0;
		};
/* End PBXFrameworksBuildPhase section */

/* Begin PBXGroup section */
		2F309C9F1FC45F7200290F66 = {
			isa = PBXGroup;
			children = (
				2F309CAA1FC45F7300290F66 /* Mobile Applications project */,
				2F309CC31FC45F7300290F66 /* Mobile Applications projectTests */,
				2F309CCE1FC45F7300290F66 /* Mobile Applications projectUITests */,
				2F309CA91FC45F7300290F66 /* Products */,
			);
			sourceTree = "<group>";
		};
		2F309CA91FC45F7300290F66 /* Products */ = {
			isa = PBXGroup;
			children = (
				2F309CA81FC45F7300290F66 /* Mobile Applications project.app */,
				2F309CC01FC45F7300290F66 /* Mobile Applications projectTests.xctest */,
				2F309CCB1FC45F7300290F66 /* Mobile Applications projectUITests.xctest */,
			);
			name = Products;
			sourceTree = "<group>";
		};
		2F309CAA1FC45F7300290F66 /* Mobile Applications project */ = {
			isa = PBXGroup;
			children = (
				2F309CAB1FC45F7300290F66 /* AppDelegate.h */,
				2F309CAC1FC45F7300290F66 /* AppDelegate.m */,
				2F309CAE1FC45F7300290F66 /* ViewController.h */,
				2F309CAF1FC45F7300290F66 /* ViewController.m */,
				2F7993CF1FCDB2D9005907D2 /* HomeViewController.h */,
				2F7993D01FCDB2D9005907D2 /* HomeViewController.m */,
				2F7993CC1FCDB1E8005907D2 /* PlannerViewController.h */,
				2F7993CD1FCDB1E8005907D2 /* PlannerViewController.m */,
				2F3F70141FCDB0150026FE3E /* ProfileViewController.h */,
				2F3F70151FCDB0150026FE3E /* ProfileViewController.m */,
				2F309CB11FC45F7300290F66 /* Main.storyboard */,
				2F0946281FD7294F00B1C663 /* TasksViewController.m */,
				2F0946271FD7294F00B1C663 /* TasksViewController.h */,
				2F7993DB1FD20F78005907D2 /* SettingsViewController.h */,
				2F7993DC1FD20F79005907D2 /* SettingsViewController.m */,
				2F7994691FD6EC66005907D2 /* ButtonHandler.h */,
				2F79946A1FD6EC68005907D2 /* ButtonHandler.m */,
				2F79946C1FD6F825005907D2 /* RootViewController.h */,
				2F79946D1FD6F825005907D2 /* RootViewController.m */,
				2F7994221FD36095005907D2 /* modulesTableViewController.h */,
				2F7994231FD36095005907D2 /* modulesTableViewController.m */,
				2F7994281FD3641F005907D2 /* modulesinfoViewController.h */,
				2F7994291FD3641F005907D2 /* modulesinfoViewController.m */,
				2F7993DE1FD23E79005907D2 /* tableTableViewController.h */,
				2F7993DF1FD23E79005907D2 /* tableTableViewController.m */,
				2F3F700A1FCD9E820026FE3E /* MJDetailViewController.h */,
				2F3F700E1FCD9E840026FE3E /* MJDetailViewController.m */,
				2F3F700B1FCD9E820026FE3E /* MJDetailViewController.xib */,
				2F3F700F1FCD9E850026FE3E /* MJPopupBackgroundView.h */,
				2F3F700D1FCD9E830026FE3E /* MJPopupBackgroundView.m */,
				2F3F70091FCD9E810026FE3E /* UIViewController+MJPopupViewController.h */,
				2F3F700C1FCD9E830026FE3E /* UIViewController+MJPopupViewController.m */,
				2F309CB41FC45F7300290F66 /* Assets.xcassets */,
				2F4100DA1FC6D17D00DB7463 /* Tab Icons */,
				2F309CB61FC45F7300290F66 /* LaunchScreen.storyboard */,
				2F309CB91FC45F7300290F66 /* Info.plist */,
				2F309CBA1FC45F7300290F66 /* main.m */,
			);
			path = "Mobile Applications project";
			sourceTree = "<group>";
		};
		2F309CC31FC45F7300290F66 /* Mobile Applications projectTests */ = {
			isa = PBXGroup;
			children = (
				2F309CC41FC45F7300290F66 /* Mobile_Applications_projectTests.m */,
				2F309CC61FC45F7300290F66 /* Info.plist */,
			);
			path = "Mobile Applications projectTests";
			sourceTree = "<group>";
		};
		2F309CCE1FC45F7300290F66 /* Mobile Applications projectUITests */ = {
			isa = PBXGroup;
			children = (
				2F309CCF1FC45F7300290F66 /* Mobile_Applications_projectUITests.m */,
				2F309CD11FC45F7300290F66 /* Info.plist */,
			);
			path = "Mobile Applications projectUITests";
			sourceTree = "<group>";
		};
/* End PBXGroup section */

/* Begin PBXNativeTarget section */
		2F309CA71FC45F7300290F66 /* Mobile Applications project */ = {
			isa = PBXNativeTarget;
			buildConfigurationList = 2F309CD41FC45F7300290F66 /* Build configuration list for PBXNativeTarget "Mobile Applications project" */;
			buildPhases = (
				2F309CA41FC45F7300290F66 /* Sources */,
				2F309CA51FC45F7300290F66 /* Frameworks */,
				2F309CA61FC45F7300290F66 /* Resources */,
			);
			buildRules = (
			);
			dependencies = (
			);
			name = "Mobile Applications project";
			productName = "Mobile Applications project";
			productReference = 2F309CA81FC45F7300290F66 /* Mobile Applications project.app */;
			productType = "com.apple.product-type.application";
		};
		2F309CBF1FC45F7300290F66 /* Mobile Applications projectTests */ = {
			isa = PBXNativeTarget;
			buildConfigurationList = 2F309CD71FC45F7300290F66 /* Build configuration list for PBXNativeTarget "Mobile Applications projectTests" */;
			buildPhases = (
				2F309CBC1FC45F7300290F66 /* Sources */,
				2F309CBD1FC45F7300290F66 /* Frameworks */,
				2F309CBE1FC45F7300290F66 /* Resources */,
			);
			buildRules = (
			);
			dependencies = (
				2F309CC21FC45F7300290F66 /* PBXTargetDependency */,
			);
			name = "Mobile Applications projectTests";
			productName = "Mobile Applications projectTests";
			productReference = 2F309CC01FC45F7300290F66 /* Mobile Applications projectTests.xctest */;
			productType = "com.apple.product-type.bundle.unit-test";
		};
		2F309CCA1FC45F7300290F66 /* Mobile Applications projectUITests */ = {
			isa = PBXNativeTarget;
			buildConfigurationList = 2F309CDA1FC45F7300290F66 /* Build configuration list for PBXNativeTarget "Mobile Applications projectUITests" */;
			buildPhases = (
				2F309CC71FC45F7300290F66 /* Sources */,
				2F309CC81FC45F7300290F66 /* Frameworks */,
				2F309CC91FC45F7300290F66 /* Resources */,
			);
			buildRules = (
			);
			dependencies = (
				2F309CCD1FC45F7300290F66 /* PBXTargetDependency */,
			);
			name = "Mobile Applications projectUITests";
			productName = "Mobile Applications projectUITests";
			productReference = 2F309CCB1FC45F7300290F66 /* Mobile Applications projectUITests.xctest */;
			productType = "com.apple.product-type.bundle.ui-testing";
		};
/* End PBXNativeTarget section */

/* Begin PBXProject section */
		2F309CA01FC45F7300290F66 /* Project object */ = {
			isa = PBXProject;
			attributes = {
				LastUpgradeCheck = 0910;
				ORGANIZATIONNAME = "Chukwuebuka Nwibe";
				TargetAttributes = {
					2F309CA71FC45F7300290F66 = {
						CreatedOnToolsVersion = 9.1;
						ProvisioningStyle = Automatic;
					};
					2F309CBF1FC45F7300290F66 = {
						CreatedOnToolsVersion = 9.1;
						ProvisioningStyle = Automatic;
						TestTargetID = 2F309CA71FC45F7300290F66;
					};
					2F309CCA1FC45F7300290F66 = {
						CreatedOnToolsVersion = 9.1;
						ProvisioningStyle = Automatic;
						TestTargetID = 2F309CA71FC45F7300290F66;
					};
				};
			};
			buildConfigurationList = 2F309CA31FC45F7300290F66 /* Build configuration list for PBXProject "Mobile Applications project" */;
			compatibilityVersion = "Xcode 8.0";
			developmentRegion = en;
			hasScannedForEncodings = 0;
			knownRegions = (
				en,
				Base,
			);
			mainGroup = 2F309C9F1FC45F7200290F66;
			productRefGroup = 2F309CA91FC45F7300290F66 /* Products */;
			projectDirPath = "";
			projectRoot = "";
			targets = (
				2F309CA71FC45F7300290F66 /* Mobile Applications project */,
				2F309CBF1FC45F7300290F66 /* Mobile Applications projectTests */,
				2F309CCA1FC45F7300290F66 /* Mobile Applications projectUITests */,
			);
		};
/* End PBXProject section */

/* Begin PBXResourcesBuildPhase section */
		2F309CA61FC45F7300290F66 /* Resources */ = {
			isa = PBXResourcesBuildPhase;
			buildActionMask = 2147483647;
			files = (
				2F4100DB1FC6D17D00DB7463 /* Tab Icons in Resources */,
				2F3F70101FCD9E850026FE3E /* MJDetailViewController.xib in Resources */,
				2F309CB81FC45F7300290F66 /* LaunchScreen.storyboard in Resources */,
				2F309CB51FC45F7300290F66 /* Assets.xcassets in Resources */,
				2F309CB31FC45F7300290F66 /* Main.storyboard in Resources */,
			);
			runOnlyForDeploymentPostprocessing = 0;
		};
		2F309CBE1FC45F7300290F66 /* Resources */ = {
			isa = PBXResourcesBuildPhase;
			buildActionMask = 2147483647;
			files = (
			);
			runOnlyForDeploymentPostprocessing = 0;
		};
		2F309CC91FC45F7300290F66 /* Resources */ = {
			isa = PBXResourcesBuildPhase;
			buildActionMask = 2147483647;
			files = (
			);
			runOnlyForDeploymentPostprocessing = 0;
		};
/* End PBXResourcesBuildPhase section */

/* Begin PBXSourcesBuildPhase section */
		2F309CA41FC45F7300290F66 /* Sources */ = {
			isa = PBXSourcesBuildPhase;
			buildActionMask = 2147483647;
			files = (
				2F309CB01FC45F7300290F66 /* ViewController.m in Sources */,
				2F7993CE1FCDB1E8005907D2 /* PlannerViewController.m in Sources */,
				2F7993E01FD23E79005907D2 /* tableTableViewController.m in Sources */,
				2F7994241FD36095005907D2 /* modulesTableViewController.m in Sources */,
				2F3F70111FCD9E850026FE3E /* UIViewController+MJPopupViewController.m in Sources */,
				2F3F70131FCD9E850026FE3E /* MJDetailViewController.m in Sources */,
				2F79946B1FD6EC68005907D2 /* ButtonHandler.m in Sources */,
				2F309CBB1FC45F7300290F66 /* main.m in Sources */,
				2F7993D11FCDB2D9005907D2 /* HomeViewController.m in Sources */,
				2F0946291FD7294F00B1C663 /* TasksViewController.m in Sources */,
				2F3F70161FCDB0150026FE3E /* ProfileViewController.m in Sources */,
				2F7993DD1FD20F79005907D2 /* SettingsViewController.m in Sources */,
				2F79942A1FD3641F005907D2 /* modulesinfoViewController.m in Sources */,
				2F309CAD1FC45F7300290F66 /* AppDelegate.m in Sources */,
				2F3F70121FCD9E850026FE3E /* MJPopupBackgroundView.m in Sources */,
				2F79946E1FD6F825005907D2 /* RootViewController.m in Sources */,
			);
			runOnlyForDeploymentPostprocessing = 0;
		};
		2F309CBC1FC45F7300290F66 /* Sources */ = {
			isa = PBXSourcesBuildPhase;
			buildActionMask = 2147483647;
			files = (
				2F309CC51FC45F7300290F66 /* Mobile_Applications_projectTests.m in Sources */,
			);
			runOnlyForDeploymentPostprocessing = 0;
		};
		2F309CC71FC45F7300290F66 /* Sources */ = {
			isa = PBXSourcesBuildPhase;
			buildActionMask = 2147483647;
			files = (
				2F309CD01FC45F7300290F66 /* Mobile_Applications_projectUITests.m in Sources */,
			);
			runOnlyForDeploymentPostprocessing = 0;
		};
/* End PBXSourcesBuildPhase section */

/* Begin PBXTargetDependency section */
		2F309CC21FC45F7300290F66 /* PBXTargetDependency */ = {
			isa = PBXTargetDependency;
			target = 2F309CA71FC45F7300290F66 /* Mobile Applications project */;
			targetProxy = 2F309CC11FC45F7300290F66 /* PBXContainerItemProxy */;
		};
		2F309CCD1FC45F7300290F66 /* PBXTargetDependency */ = {
			isa = PBXTargetDependency;
			target = 2F309CA71FC45F7300290F66 /* Mobile Applications project */;
			targetProxy = 2F309CCC1FC45F7300290F66 /* PBXContainerItemProxy */;
		};
/* End PBXTargetDependency section */

/* Begin PBXVariantGroup section */
		2F309CB11FC45F7300290F66 /* Main.storyboard */ = {
			isa = PBXVariantGroup;
			children = (
				2F309CB21FC45F7300290F66 /* Base */,
			);
			name = Main.storyboard;
			sourceTree = "<group>";
		};
		2F309CB61FC45F7300290F66 /* LaunchScreen.storyboard */ = {
			isa = PBXVariantGroup;
			children = (
				2F309CB71FC45F7300290F66 /* Base */,
			);
			name = LaunchScreen.storyboard;
			sourceTree = "<group>";
		};
/* End PBXVariantGroup section */

/* Begin XCBuildConfiguration section */
		2F309CD21FC45F7300290F66 /* Debug */ = {
			isa = XCBuildConfiguration;
			buildSettings = {
				ALWAYS_SEARCH_USER_PATHS = NO;
				CLANG_ANALYZER_NONNULL = YES;
				CLANG_ANALYZER_NUMBER_OBJECT_CONVERSION = YES_AGGRESSIVE;
				CLANG_CXX_LANGUAGE_STANDARD = "gnu++14";
				CLANG_CXX_LIBRARY = "libc++";
				CLANG_ENABLE_MODULES = YES;
				CLANG_ENABLE_OBJC_ARC = YES;
				CLANG_WARN_BLOCK_CAPTURE_AUTORELEASING = YES;
				CLANG_WARN_BOOL_CONVERSION = YES;
				CLANG_WARN_COMMA = YES;
				CLANG_WARN_CONSTANT_CONVERSION = YES;
				CLANG_WARN_DIRECT_OBJC_ISA_USAGE = YES_ERROR;
				CLANG_WARN_DOCUMENTATION_COMMENTS = YES;
				CLANG_WARN_EMPTY_BODY = YES;
				CLANG_WARN_ENUM_CONVERSION = YES;
				CLANG_WARN_INFINITE_RECURSION = YES;
				CLANG_WARN_INT_CONVERSION = YES;
				CLANG_WARN_NON_LITERAL_NULL_CONVERSION = YES;
				CLANG_WARN_OBJC_LITERAL_CONVERSION = YES;
				CLANG_WARN_OBJC_ROOT_CLASS = YES_ERROR;
				CLANG_WARN_RANGE_LOOP_ANALYSIS = YES;
				CLANG_WARN_STRICT_PROTOTYPES = YES;
				CLANG_WARN_SUSPICIOUS_MOVE = YES;
				CLANG_WARN_UNGUARDED_AVAILABILITY = YES_AGGRESSIVE;
				CLANG_WARN_UNREACHABLE_CODE = YES;
				CLANG_WARN__DUPLICATE_METHOD_MATCH = YES;
				CODE_SIGN_IDENTITY = "iPhone Developer";
				COPY_PHASE_STRIP = NO;
				DEBUG_INFORMATION_FORMAT = dwarf;
				ENABLE_STRICT_OBJC_MSGSEND = YES;
				ENABLE_TESTABILITY = YES;
				GCC_C_LANGUAGE_STANDARD = gnu11;
				GCC_DYNAMIC_NO_PIC = NO;
				GCC_NO_COMMON_BLOCKS = YES;
				GCC_OPTIMIZATION_LEVEL = 0;
				GCC_PREPROCESSOR_DEFINITIONS = (
					"DEBUG=1",
					"$(inherited)",
				);
				GCC_WARN_64_TO_32_BIT_CONVERSION = YES;
				GCC_WARN_ABOUT_RETURN_TYPE = YES_ERROR;
				GCC_WARN_UNDECLARED_SELECTOR = YES;
				GCC_WARN_UNINITIALIZED_AUTOS = YES_AGGRESSIVE;
				GCC_WARN_UNUSED_FUNCTION = YES;
				GCC_WARN_UNUSED_VARIABLE = YES;
				IPHONEOS_DEPLOYMENT_TARGET = 11.1;
				MTL_ENABLE_DEBUG_INFO = YES;
				ONLY_ACTIVE_ARCH = YES;
				SDKROOT = iphoneos;
			};
			name = Debug;
		};
		2F309CD31FC45F7300290F66 /* Release */ = {
			isa = XCBuildConfiguration;
			buildSettings = {
				ALWAYS_SEARCH_USER_PATHS = NO;
				CLANG_ANALYZER_NONNULL = YES;
				CLANG_ANALYZER_NUMBER_OBJECT_CONVERSION = YES_AGGRESSIVE;
				CLANG_CXX_LANGUAGE_STANDARD = "gnu++14";
				CLANG_CXX_LIBRARY = "libc++";
				CLANG_ENABLE_MODULES = YES;
				CLANG_ENABLE_OBJC_ARC = YES;
				CLANG_WARN_BLOCK_CAPTURE_AUTORELEASING = YES;
				CLANG_WARN_BOOL_CONVERSION = YES;
				CLANG_WARN_COMMA = YES;
				CLANG_WARN_CONSTANT_CONVERSION = YES;
				CLANG_WARN_DIRECT_OBJC_ISA_USAGE = YES_ERROR;
				CLANG_WARN_DOCUMENTATION_COMMENTS = YES;
				CLANG_WARN_EMPTY_BODY = YES;
				CLANG_WARN_ENUM_CONVERSION = YES;
				CLANG_WARN_INFINITE_RECURSION = YES;
				CLANG_WARN_INT_CONVERSION = YES;
				CLANG_WARN_NON_LITERAL_NULL_CONVERSION = YES;
				CLANG_WARN_OBJC_LITERAL_CONVERSION = YES;
				CLANG_WARN_OBJC_ROOT_CLASS = YES_ERROR;
				CLANG_WARN_RANGE_LOOP_ANALYSIS = YES;
				CLANG_WARN_STRICT_PROTOTYPES = YES;
				CLANG_WARN_SUSPICIOUS_MOVE = YES;
				CLANG_WARN_UNGUARDED_AVAILABILITY = YES_AGGRESSIVE;
				CLANG_WARN_UNREACHABLE_CODE = YES;
				CLANG_WARN__DUPLICATE_METHOD_MATCH = YES;
				CODE_SIGN_IDENTITY = "iPhone Developer";
				COPY_PHASE_STRIP = NO;
				DEBUG_INFORMATION_FORMAT = "dwarf-with-dsym";
				ENABLE_NS_ASSERTIONS = NO;
				ENABLE_STRICT_OBJC_MSGSEND = YES;
				GCC_C_LANGUAGE_STANDARD = gnu11;
				GCC_NO_COMMON_BLOCKS = YES;
				GCC_WARN_64_TO_32_BIT_CONVERSION = YES;
				GCC_WARN_ABOUT_RETURN_TYPE = YES_ERROR;
				GCC_WARN_UNDECLARED_SELECTOR = YES;
				GCC_WARN_UNINITIALIZED_AUTOS = YES_AGGRESSIVE;
				GCC_WARN_UNUSED_FUNCTION = YES;
				GCC_WARN_UNUSED_VARIABLE = YES;
				IPHONEOS_DEPLOYMENT_TARGET = 11.1;
				MTL_ENABLE_DEBUG_INFO = NO;
				SDKROOT = iphoneos;
				VALIDATE_PRODUCT = YES;
			};
			name = Release;
		};
		2F309CD51FC45F7300290F66 /* Debug */ = {
			isa = XCBuildConfiguration;
			buildSettings = {
				ASSETCATALOG_COMPILER_APPICON_NAME = AppIcon;
				CODE_SIGN_STYLE = Automatic;
				DEVELOPMENT_TEAM = 2UCXVLNGP5;
				INFOPLIST_FILE = "Mobile Applications project/Info.plist";
				LD_RUNPATH_SEARCH_PATHS = "$(inherited) @executable_path/Frameworks";
				PRODUCT_BUNDLE_IDENTIFIER = "uk.ac.leeds.Mobile-Applications-project";
				PRODUCT_NAME = "$(TARGET_NAME)";
				TARGETED_DEVICE_FAMILY = "1,2";
			};
			name = Debug;
		};
		2F309CD61FC45F7300290F66 /* Release */ = {
			isa = XCBuildConfiguration;
			buildSettings = {
				ASSETCATALOG_COMPILER_APPICON_NAME = AppIcon;
				CODE_SIGN_STYLE = Automatic;
				DEVELOPMENT_TEAM = 2UCXVLNGP5;
				INFOPLIST_FILE = "Mobile Applications project/Info.plist";
				LD_RUNPATH_SEARCH_PATHS = "$(inherited) @executable_path/Frameworks";
				PRODUCT_BUNDLE_IDENTIFIER = "uk.ac.leeds.Mobile-Applications-project";
				PRODUCT_NAME = "$(TARGET_NAME)";
				TARGETED_DEVICE_FAMILY = "1,2";
			};
			name = Release;
		};
		2F309CD81FC45F7300290F66 /* Debug */ = {
			isa = XCBuildConfiguration;
			buildSettings = {
				BUNDLE_LOADER = "$(TEST_HOST)";
				CODE_SIGN_STYLE = Automatic;
				DEVELOPMENT_TEAM = 2UCXVLNGP5;
				INFOPLIST_FILE = "Mobile Applications projectTests/Info.plist";
				LD_RUNPATH_SEARCH_PATHS = "$(inherited) @executable_path/Frameworks @loader_path/Frameworks";
				PRODUCT_BUNDLE_IDENTIFIER = "uk.ac.leeds.Mobile-Applications-projectTests";
				PRODUCT_NAME = "$(TARGET_NAME)";
				TARGETED_DEVICE_FAMILY = "1,2";
				TEST_HOST = "$(BUILT_PRODUCTS_DIR)/Mobile Applications project.app/Mobile Applications project";
			};
			name = Debug;
		};
		2F309CD91FC45F7300290F66 /* Release */ = {
			isa = XCBuildConfiguration;
			buildSettings = {
				BUNDLE_LOADER = "$(TEST_HOST)";
				CODE_SIGN_STYLE = Automatic;
				DEVELOPMENT_TEAM = 2UCXVLNGP5;
				INFOPLIST_FILE = "Mobile Applications projectTests/Info.plist";
				LD_RUNPATH_SEARCH_PATHS = "$(inherited) @executable_path/Frameworks @loader_path/Frameworks";
				PRODUCT_BUNDLE_IDENTIFIER = "uk.ac.leeds.Mobile-Applications-projectTests";
				PRODUCT_NAME = "$(TARGET_NAME)";
				TARGETED_DEVICE_FAMILY = "1,2";
				TEST_HOST = "$(BUILT_PRODUCTS_DIR)/Mobile Applications project.app/Mobile Applications project";
			};
			name = Release;
		};
		2F309CDB1FC45F7300290F66 /* Debug */ = {
			isa = XCBuildConfiguration;
			buildSettings = {
				CODE_SIGN_STYLE = Automatic;
				DEVELOPMENT_TEAM = 2UCXVLNGP5;
				INFOPLIST_FILE = "Mobile Applications projectUITests/Info.plist";
				LD_RUNPATH_SEARCH_PATHS = "$(inherited) @executable_path/Frameworks @loader_path/Frameworks";
				PRODUCT_BUNDLE_IDENTIFIER = "uk.ac.leeds.Mobile-Applications-projectUITests";
				PRODUCT_NAME = "$(TARGET_NAME)";
				TARGETED_DEVICE_FAMILY = "1,2";
				TEST_TARGET_NAME = "Mobile Applications project";
			};
			name = Debug;
		};
		2F309CDC1FC45F7300290F66 /* Release */ = {
			isa = XCBuildConfiguration;
			buildSettings = {
				CODE_SIGN_STYLE = Automatic;
				DEVELOPMENT_TEAM = 2UCXVLNGP5;
				INFOPLIST_FILE = "Mobile Applications projectUITests/Info.plist";
				LD_RUNPATH_SEARCH_PATHS = "$(inherited) @executable_path/Frameworks @loader_path/Frameworks";
				PRODUCT_BUNDLE_IDENTIFIER = "uk.ac.leeds.Mobile-Applications-projectUITests";
				PRODUCT_NAME = "$(TARGET_NAME)";
				TARGETED_DEVICE_FAMILY = "1,2";
				TEST_TARGET_NAME = "Mobile Applications project";
			};
			name = Release;
		};
/* End XCBuildConfiguration section */

/* Begin XCConfigurationList section */
		2F309CA31FC45F7300290F66 /* Build configuration list for PBXProject "Mobile Applications project" */ = {
			isa = XCConfigurationList;
			buildConfigurations = (
				2F309CD21FC45F7300290F66 /* Debug */,
				2F309CD31FC45F7300290F66 /* Release */,
			);
			defaultConfigurationIsVisible = 0;
			defaultConfigurationName = Release;
		};
		2F309CD41FC45F7300290F66 /* Build configuration list for PBXNativeTarget "Mobile Applications project" */ = {
			isa = XCConfigurationList;
			buildConfigurations = (
				2F309CD51FC45F7300290F66 /* Debug */,
				2F309CD61FC45F7300290F66 /* Release */,
			);
			defaultConfigurationIsVisible = 0;
			defaultConfigurationName = Release;
		};
		2F309CD71FC45F7300290F66 /* Build configuration list for PBXNativeTarget "Mobile Applications projectTests" */ = {
			isa = XCConfigurationList;
			buildConfigurations = (
				2F309CD81FC45F7300290F66 /* Debug */,
				2F309CD91FC45F7300290F66 /* Release */,
			);
			defaultConfigurationIsVisible = 0;
			defaultConfigurationName = Release;
		};
		2F309CDA1FC45F7300290F66 /* Build configuration list for PBXNativeTarget "Mobile Applications projectUITests" */ = {
			isa = XCConfigurationList;
			buildConfigurations = (
				2F309CDB1FC45F7300290F66 /* Debug */,
				2F309CDC1FC45F7300290F66 /* Release */,
			);
			defaultConfigurationIsVisible = 0;
			defaultConfigurationName = Release;
		};
/* End XCConfigurationList section */
	};
	rootObject = 2F309CA01FC45F7300290F66 /* Project object */;
}
